
Microsoft Visual Studio Solution File, Format Version 12.00
# Visual Studio Version 16
VisualStudioVersion = 16.0.29709.97
MinimumVisualStudioVersion = 10.0.40219.1
Project("{FAE04EC0-301F-11D3-BF4B-00C04F79EFBC}") = "WaitingAndChilling", "WaitingAndChilling\WaitingAndChilling.csproj", "{3C23DF61-CB08-4511-B47C-C8FDDF29C535}"
EndProject
Global
	GlobalSection(SolutionConfigurationPlatforms) = preSolution
		Debug|Any CPU = Debug|Any CPU
		Release|Any CPU = Release|Any CPU
	EndGlobalSection
	GlobalSection(ProjectConfigurationPlatforms) = postSolution
		{3C23DF61-CB08-4511-B47C-C8FDDF29C535}.Debug|Any CPU.ActiveCfg = Debug|Any CPU
		{3C23DF61-CB08-4511-B47C-C8FDDF29C535}.Debug|Any CPU.Build.0 = Debug|Any CPU
		{3C23DF61-CB08-4511-B47C-C8FDDF29C535}.Release|Any CPU.ActiveCfg = Release|Any CPU
		{3C23DF61-CB08-4511-B47C-C8FDDF29C535}.Release|Any CPU.Build.0 = Release|Any CPU
	EndGlobalSection
	GlobalSection(SolutionProperties) = preSolution
		HideSolutionNode = FALSE
	EndGlobalSection
	GlobalSection(ExtensibilityGlobals) = postSolution
		SolutionGuid = {77B1775E-C0C0-4B19-A254-5E5EBE0F07DD}
	EndGlobalSection
EndGlobal
